// !$*UTF8*$!
{
	archiveVersion = 1;
	classes = {
	};
	objectVersion = 55;
	objects = {

/* Begin PBXBuildFile section */
		47EFB62127F4235700CAEF86 /* AppDelegate.swift in Sources */ = {isa = PBXBuildFile; fileRef = 47EFB62027F4235700CAEF86 /* AppDelegate.swift */; };
		47EFB62327F4235700CAEF86 /* SceneDelegate.swift in Sources */ = {isa = PBXBuildFile; fileRef = 47EFB62227F4235700CAEF86 /* SceneDelegate.swift */; };
		47EFB62A27F4235800CAEF86 /* Assets.xcassets in Resources */ = {isa = PBXBuildFile; fileRef = 47EFB62927F4235800CAEF86 /* Assets.xcassets */; };
		47EFB62D27F4235800CAEF86 /* LaunchScreen.storyboard in Resources */ = {isa = PBXBuildFile; fileRef = 47EFB62B27F4235800CAEF86 /* LaunchScreen.storyboard */; };
		47EFB63527F54B7800CAEF86 /* SearchVC.swift in Sources */ = {isa = PBXBuildFile; fileRef = 47EFB63427F54B7800CAEF86 /* SearchVC.swift */; };
		47EFB63727F54BA200CAEF86 /* FavouriteListVC.swift in Sources */ = {isa = PBXBuildFile; fileRef = 47EFB63627F54BA200CAEF86 /* FavouriteListVC.swift */; };
		47EFB63927F5651800CAEF86 /* GFButton.swift in Sources */ = {isa = PBXBuildFile; fileRef = 47EFB63827F5651800CAEF86 /* GFButton.swift */; };
		47EFB63B27F623BC00CAEF86 /* GFTextField.swift in Sources */ = {isa = PBXBuildFile; fileRef = 47EFB63A27F623BC00CAEF86 /* GFTextField.swift */; };
		47EFB63D27FA77B700CAEF86 /* FollowersListVC.swift in Sources */ = {isa = PBXBuildFile; fileRef = 47EFB63C27FA77B700CAEF86 /* FollowersListVC.swift */; };
		47EFB63F27FBB51400CAEF86 /* GFTitleLabel.swift in Sources */ = {isa = PBXBuildFile; fileRef = 47EFB63E27FBB51400CAEF86 /* GFTitleLabel.swift */; };
		47EFB64127FBB65200CAEF86 /* GFBodyLabel.swift in Sources */ = {isa = PBXBuildFile; fileRef = 47EFB64027FBB65200CAEF86 /* GFBodyLabel.swift */; };
		47EFB64327FBB75300CAEF86 /* GFAlertVC.swift in Sources */ = {isa = PBXBuildFile; fileRef = 47EFB64227FBB75300CAEF86 /* GFAlertVC.swift */; };
		47EFB64527FBE70F00CAEF86 /* UIViewController+Ext.swift in Sources */ = {isa = PBXBuildFile; fileRef = 47EFB64427FBE70F00CAEF86 /* UIViewController+Ext.swift */; };
		47EFB64C27FFC45A00CAEF86 /* Follower.swift in Sources */ = {isa = PBXBuildFile; fileRef = 47EFB64B27FFC45A00CAEF86 /* Follower.swift */; };
		47EFB64E27FFCEFA00CAEF86 /* User.swift in Sources */ = {isa = PBXBuildFile; fileRef = 47EFB64D27FFCEFA00CAEF86 /* User.swift */; };
		47EFB65027FFD24B00CAEF86 /* NetworkManager.swift in Sources */ = {isa = PBXBuildFile; fileRef = 47EFB64F27FFD24B00CAEF86 /* NetworkManager.swift */; };
		47EFB65327FFDDF600CAEF86 /* ErrorMessage.swift in Sources */ = {isa = PBXBuildFile; fileRef = 47EFB65227FFDDF600CAEF86 /* ErrorMessage.swift */; };
/* End PBXBuildFile section */

/* Begin PBXFileReference section */
		47EFB61D27F4235700CAEF86 /* GithubFollowers.app */ = {isa = PBXFileReference; explicitFileType = wrapper.application; includeInIndex = 0; path = GithubFollowers.app; sourceTree = BUILT_PRODUCTS_DIR; };
		47EFB62027F4235700CAEF86 /* AppDelegate.swift */ = {isa = PBXFileReference; lastKnownFileType = sourcecode.swift; path = AppDelegate.swift; sourceTree = "<group>"; };
		47EFB62227F4235700CAEF86 /* SceneDelegate.swift */ = {isa = PBXFileReference; lastKnownFileType = sourcecode.swift; path = SceneDelegate.swift; sourceTree = "<group>"; };
		47EFB62927F4235800CAEF86 /* Assets.xcassets */ = {isa = PBXFileReference; lastKnownFileType = folder.assetcatalog; path = Assets.xcassets; sourceTree = "<group>"; };
		47EFB62C27F4235800CAEF86 /* Base */ = {isa = PBXFileReference; lastKnownFileType = file.storyboard; name = Base; path = Base.lproj/LaunchScreen.storyboard; sourceTree = "<group>"; };
		47EFB62E27F4235800CAEF86 /* Info.plist */ = {isa = PBXFileReference; lastKnownFileType = text.plist.xml; path = Info.plist; sourceTree = "<group>"; };
		47EFB63427F54B7800CAEF86 /* SearchVC.swift */ = {isa = PBXFileReference; lastKnownFileType = sourcecode.swift; path = SearchVC.swift; sourceTree = "<group>"; };
		47EFB63627F54BA200CAEF86 /* FavouriteListVC.swift */ = {isa = PBXFileReference; lastKnownFileType = sourcecode.swift; path = FavouriteListVC.swift; sourceTree = "<group>"; };
		47EFB63827F5651800CAEF86 /* GFButton.swift */ = {isa = PBXFileReference; lastKnownFileType = sourcecode.swift; path = GFButton.swift; sourceTree = "<group>"; };
		47EFB63A27F623BC00CAEF86 /* GFTextField.swift */ = {isa = PBXFileReference; lastKnownFileType = sourcecode.swift; path = GFTextField.swift; sourceTree = "<group>"; };
		47EFB63C27FA77B700CAEF86 /* FollowersListVC.swift */ = {isa = PBXFileReference; lastKnownFileType = sourcecode.swift; path = FollowersListVC.swift; sourceTree = "<group>"; };
		47EFB63E27FBB51400CAEF86 /* GFTitleLabel.swift */ = {isa = PBXFileReference; lastKnownFileType = sourcecode.swift; path = GFTitleLabel.swift; sourceTree = "<group>"; };
		47EFB64027FBB65200CAEF86 /* GFBodyLabel.swift */ = {isa = PBXFileReference; lastKnownFileType = sourcecode.swift; path = GFBodyLabel.swift; sourceTree = "<group>"; };
		47EFB64227FBB75300CAEF86 /* GFAlertVC.swift */ = {isa = PBXFileReference; lastKnownFileType = sourcecode.swift; path = GFAlertVC.swift; sourceTree = "<group>"; };
		47EFB64427FBE70F00CAEF86 /* UIViewController+Ext.swift */ = {isa = PBXFileReference; lastKnownFileType = sourcecode.swift; path = "UIViewController+Ext.swift"; sourceTree = "<group>"; };
		47EFB64B27FFC45A00CAEF86 /* Follower.swift */ = {isa = PBXFileReference; lastKnownFileType = sourcecode.swift; path = Follower.swift; sourceTree = "<group>"; };
		47EFB64D27FFCEFA00CAEF86 /* User.swift */ = {isa = PBXFileReference; lastKnownFileType = sourcecode.swift; path = User.swift; sourceTree = "<group>"; };
		47EFB64F27FFD24B00CAEF86 /* NetworkManager.swift */ = {isa = PBXFileReference; lastKnownFileType = sourcecode.swift; path = NetworkManager.swift; sourceTree = "<group>"; };
		47EFB65227FFDDF600CAEF86 /* ErrorMessage.swift */ = {isa = PBXFileReference; lastKnownFileType = sourcecode.swift; path = ErrorMessage.swift; sourceTree = "<group>"; };
/* End PBXFileReference section */

/* Begin PBXFrameworksBuildPhase section */
		47EFB61A27F4235700CAEF86 /* Frameworks */ = {
			isa = PBXFrameworksBuildPhase;
			buildActionMask = 2147483647;
			files = (
			);
			runOnlyForDeploymentPostprocessing = 0;
		};
/* End PBXFrameworksBuildPhase section */

/* Begin PBXGroup section */
		47EFB61427F4235700CAEF86 = {
			isa = PBXGroup;
			children = (
				47EFB61F27F4235700CAEF86 /* GithubFollowers */,
				47EFB61E27F4235700CAEF86 /* Products */,
			);
			sourceTree = "<group>";
		};
		47EFB61E27F4235700CAEF86 /* Products */ = {
			isa = PBXGroup;
			children = (
				47EFB61D27F4235700CAEF86 /* GithubFollowers.app */,
			);
			name = Products;
			sourceTree = "<group>";
		};
		47EFB61F27F4235700CAEF86 /* GithubFollowers */ = {
			isa = PBXGroup;
			children = (
				47EFB65127FFDDE600CAEF86 /* Utilities */,
				47EFB64A27FFC35E00CAEF86 /* Model */,
				47EFB62E27F4235800CAEF86 /* Info.plist */,
				47EFB64927FD3D9900CAEF86 /* Support */,
				47EFB64827FD3CA000CAEF86 /* Extensions */,
				47EFB64727FD3C7300CAEF86 /* Custom Views */,
				47EFB64627FD3C3B00CAEF86 /* Screens */,
			);
			path = GithubFollowers;
			sourceTree = "<group>";
		};
		47EFB64627FD3C3B00CAEF86 /* Screens */ = {
			isa = PBXGroup;
			children = (
				47EFB64227FBB75300CAEF86 /* GFAlertVC.swift */,
				47EFB63627F54BA200CAEF86 /* FavouriteListVC.swift */,
				47EFB63C27FA77B700CAEF86 /* FollowersListVC.swift */,
				47EFB63427F54B7800CAEF86 /* SearchVC.swift */,
			);
			path = Screens;
			sourceTree = "<group>";
		};
		47EFB64727FD3C7300CAEF86 /* Custom Views */ = {
			isa = PBXGroup;
			children = (
				47EFB63E27FBB51400CAEF86 /* GFTitleLabel.swift */,
				47EFB64027FBB65200CAEF86 /* GFBodyLabel.swift */,
				47EFB63827F5651800CAEF86 /* GFButton.swift */,
				47EFB63A27F623BC00CAEF86 /* GFTextField.swift */,
			);
			path = "Custom Views";
			sourceTree = "<group>";
		};
		47EFB64827FD3CA000CAEF86 /* Extensions */ = {
			isa = PBXGroup;
			children = (
				47EFB64427FBE70F00CAEF86 /* UIViewController+Ext.swift */,
			);
			path = Extensions;
			sourceTree = "<group>";
		};
		47EFB64927FD3D9900CAEF86 /* Support */ = {
			isa = PBXGroup;
			children = (
				47EFB62027F4235700CAEF86 /* AppDelegate.swift */,
				47EFB62227F4235700CAEF86 /* SceneDelegate.swift */,
				47EFB62927F4235800CAEF86 /* Assets.xcassets */,
				47EFB62B27F4235800CAEF86 /* LaunchScreen.storyboard */,
			);
			path = Support;
			sourceTree = "<group>";
		};
		47EFB64A27FFC35E00CAEF86 /* Model */ = {
			isa = PBXGroup;
			children = (
				47EFB64B27FFC45A00CAEF86 /* Follower.swift */,
				47EFB64D27FFCEFA00CAEF86 /* User.swift */,
				47EFB64F27FFD24B00CAEF86 /* NetworkManager.swift */,
			);
			path = Model;
			sourceTree = "<group>";
		};
		47EFB65127FFDDE600CAEF86 /* Utilities */ = {
			isa = PBXGroup;
			children = (
				47EFB65227FFDDF600CAEF86 /* ErrorMessage.swift */,
			);
			path = Utilities;
			sourceTree = "<group>";
		};
/* End PBXGroup section */

/* Begin PBXNativeTarget section */
		47EFB61C27F4235700CAEF86 /* GithubFollowers */ = {
			isa = PBXNativeTarget;
			buildConfigurationList = 47EFB63127F4235800CAEF86 /* Build configuration list for PBXNativeTarget "GithubFollowers" */;
			buildPhases = (
				47EFB61927F4235700CAEF86 /* Sources */,
				47EFB61A27F4235700CAEF86 /* Frameworks */,
				47EFB61B27F4235700CAEF86 /* Resources */,
			);
			buildRules = (
			);
			dependencies = (
			);
			name = GithubFollowers;
			productName = GithubFollowers;
			productReference = 47EFB61D27F4235700CAEF86 /* GithubFollowers.app */;
			productType = "com.apple.product-type.application";
		};
/* End PBXNativeTarget section */

/* Begin PBXProject section */
		47EFB61527F4235700CAEF86 /* Project object */ = {
			isa = PBXProject;
			attributes = {
				BuildIndependentTargetsInParallel = 1;
				LastSwiftUpdateCheck = 1330;
				LastUpgradeCheck = 1330;
				TargetAttributes = {
					47EFB61C27F4235700CAEF86 = {
						CreatedOnToolsVersion = 13.3;
					};
				};
			};
			buildConfigurationList = 47EFB61827F4235700CAEF86 /* Build configuration list for PBXProject "GithubFollowers" */;
			compatibilityVersion = "Xcode 13.0";
			developmentRegion = en;
			hasScannedForEncodings = 0;
			knownRegions = (
				en,
				Base,
			);
			mainGroup = 47EFB61427F4235700CAEF86;
			productRefGroup = 47EFB61E27F4235700CAEF86 /* Products */;
			projectDirPath = "";
			projectRoot = "";
			targets = (
				47EFB61C27F4235700CAEF86 /* GithubFollowers */,
			);
		};
/* End PBXProject section */

/* Begin PBXResourcesBuildPhase section */
		47EFB61B27F4235700CAEF86 /* Resources */ = {
			isa = PBXResourcesBuildPhase;
			buildActionMask = 2147483647;
			files = (
				47EFB62D27F4235800CAEF86 /* LaunchScreen.storyboard in Resources */,
				47EFB62A27F4235800CAEF86 /* Assets.xcassets in Resources */,
			);
			runOnlyForDeploymentPostprocessing = 0;
		};
/* End PBXResourcesBuildPhase section */

/* Begin PBXSourcesBuildPhase section */
		47EFB61927F4235700CAEF86 /* Sources */ = {
			isa = PBXSourcesBuildPhase;
			buildActionMask = 2147483647;
			files = (
				47EFB64E27FFCEFA00CAEF86 /* User.swift in Sources */,
				47EFB63B27F623BC00CAEF86 /* GFTextField.swift in Sources */,
				47EFB63D27FA77B700CAEF86 /* FollowersListVC.swift in Sources */,
				47EFB63527F54B7800CAEF86 /* SearchVC.swift in Sources */,
				47EFB63927F5651800CAEF86 /* GFButton.swift in Sources */,
				47EFB64327FBB75300CAEF86 /* GFAlertVC.swift in Sources */,
				47EFB64127FBB65200CAEF86 /* GFBodyLabel.swift in Sources */,
				47EFB65327FFDDF600CAEF86 /* ErrorMessage.swift in Sources */,
				47EFB63F27FBB51400CAEF86 /* GFTitleLabel.swift in Sources */,
				47EFB64C27FFC45A00CAEF86 /* Follower.swift in Sources */,
				47EFB62127F4235700CAEF86 /* AppDelegate.swift in Sources */,
				47EFB65027FFD24B00CAEF86 /* NetworkManager.swift in Sources */,
				47EFB63727F54BA200CAEF86 /* FavouriteListVC.swift in Sources */,
				47EFB64527FBE70F00CAEF86 /* UIViewController+Ext.swift in Sources */,
				47EFB62327F4235700CAEF86 /* SceneDelegate.swift in Sources */,
			);
			runOnlyForDeploymentPostprocessing = 0;
		};
/* End PBXSourcesBuildPhase section */

/* Begin PBXVariantGroup section */
		47EFB62B27F4235800CAEF86 /* LaunchScreen.storyboard */ = {
			isa = PBXVariantGroup;
			children = (
				47EFB62C27F4235800CAEF86 /* Base */,
			);
			name = LaunchScreen.storyboard;
			sourceTree = "<group>";
		};
/* End PBXVariantGroup section */

/* Begin XCBuildConfiguration section */
		47EFB62F27F4235800CAEF86 /* Debug */ = {
			isa = XCBuildConfiguration;
			buildSettings = {
				ALWAYS_SEARCH_USER_PATHS = NO;
				CLANG_ANALYZER_NONNULL = YES;
				CLANG_ANALYZER_NUMBER_OBJECT_CONVERSION = YES_AGGRESSIVE;
				CLANG_CXX_LANGUAGE_STANDARD = "gnu++17";
				CLANG_ENABLE_MODULES = YES;
				CLANG_ENABLE_OBJC_ARC = YES;
				CLANG_ENABLE_OBJC_WEAK = YES;
				CLANG_WARN_BLOCK_CAPTURE_AUTORELEASING = YES;
				CLANG_WARN_BOOL_CONVERSION = YES;
				CLANG_WARN_COMMA = YES;
				CLANG_WARN_CONSTANT_CONVERSION = YES;
				CLANG_WARN_DEPRECATED_OBJC_IMPLEMENTATIONS = YES;
				CLANG_WARN_DIRECT_OBJC_ISA_USAGE = YES_ERROR;
				CLANG_WARN_DOCUMENTATION_COMMENTS = YES;
				CLANG_WARN_EMPTY_BODY = YES;
				CLANG_WARN_ENUM_CONVERSION = YES;
				CLANG_WARN_INFINITE_RECURSION = YES;
				CLANG_WARN_INT_CONVERSION = YES;
				CLANG_WARN_NON_LITERAL_NULL_CONVERSION = YES;
				CLANG_WARN_OBJC_IMPLICIT_RETAIN_SELF = YES;
				CLANG_WARN_OBJC_LITERAL_CONVERSION = YES;
				CLANG_WARN_OBJC_ROOT_CLASS = YES_ERROR;
				CLANG_WARN_QUOTED_INCLUDE_IN_FRAMEWORK_HEADER = YES;
				CLANG_WARN_RANGE_LOOP_ANALYSIS = YES;
				CLANG_WARN_STRICT_PROTOTYPES = YES;
				CLANG_WARN_SUSPICIOUS_MOVE = YES;
				CLANG_WARN_UNGUARDED_AVAILABILITY = YES_AGGRESSIVE;
				CLANG_WARN_UNREACHABLE_CODE = YES;
				CLANG_WARN__DUPLICATE_METHOD_MATCH = YES;
				COPY_PHASE_STRIP = NO;
				DEBUG_INFORMATION_FORMAT = dwarf;
				ENABLE_STRICT_OBJC_MSGSEND = YES;
				ENABLE_TESTABILITY = YES;
				GCC_C_LANGUAGE_STANDARD = gnu11;
				GCC_DYNAMIC_NO_PIC = NO;
				GCC_NO_COMMON_BLOCKS = YES;
				GCC_OPTIMIZATION_LEVEL = 0;
				GCC_PREPROCESSOR_DEFINITIONS = (
					"DEBUG=1",
					"$(inherited)",
				);
				GCC_WARN_64_TO_32_BIT_CONVERSION = YES;
				GCC_WARN_ABOUT_RETURN_TYPE = YES_ERROR;
				GCC_WARN_UNDECLARED_SELECTOR = YES;
				GCC_WARN_UNINITIALIZED_AUTOS = YES_AGGRESSIVE;
				GCC_WARN_UNUSED_FUNCTION = YES;
				GCC_WARN_UNUSED_VARIABLE = YES;
				IPHONEOS_DEPLOYMENT_TARGET = 15.4;
				MTL_ENABLE_DEBUG_INFO = INCLUDE_SOURCE;
				MTL_FAST_MATH = YES;
				ONLY_ACTIVE_ARCH = YES;
				SDKROOT = iphoneos;
				SWIFT_ACTIVE_COMPILATION_CONDITIONS = DEBUG;
				SWIFT_OPTIMIZATION_LEVEL = "-Onone";
			};
			name = Debug;
		};
		47EFB63027F4235800CAEF86 /* Release */ = {
			isa = XCBuildConfiguration;
			buildSettings = {
				ALWAYS_SEARCH_USER_PATHS = NO;
				CLANG_ANALYZER_NONNULL = YES;
				CLANG_ANALYZER_NUMBER_OBJECT_CONVERSION = YES_AGGRESSIVE;
				CLANG_CXX_LANGUAGE_STANDARD = "gnu++17";
				CLANG_ENABLE_MODULES = YES;
				CLANG_ENABLE_OBJC_ARC = YES;
				CLANG_ENABLE_OBJC_WEAK = YES;
				CLANG_WARN_BLOCK_CAPTURE_AUTORELEASING = YES;
				CLANG_WARN_BOOL_CONVERSION = YES;
				CLANG_WARN_COMMA = YES;
				CLANG_WARN_CONSTANT_CONVERSION = YES;
				CLANG_WARN_DEPRECATED_OBJC_IMPLEMENTATIONS = YES;
				CLANG_WARN_DIRECT_OBJC_ISA_USAGE = YES_ERROR;
				CLANG_WARN_DOCUMENTATION_COMMENTS = YES;
				CLANG_WARN_EMPTY_BODY = YES;
				CLANG_WARN_ENUM_CONVERSION = YES;
				CLANG_WARN_INFINITE_RECURSION = YES;
				CLANG_WARN_INT_CONVERSION = YES;
				CLANG_WARN_NON_LITERAL_NULL_CONVERSION = YES;
				CLANG_WARN_OBJC_IMPLICIT_RETAIN_SELF = YES;
				CLANG_WARN_OBJC_LITERAL_CONVERSION = YES;
				CLANG_WARN_OBJC_ROOT_CLASS = YES_ERROR;
				CLANG_WARN_QUOTED_INCLUDE_IN_FRAMEWORK_HEADER = YES;
				CLANG_WARN_RANGE_LOOP_ANALYSIS = YES;
				CLANG_WARN_STRICT_PROTOTYPES = YES;
				CLANG_WARN_SUSPICIOUS_MOVE = YES;
				CLANG_WARN_UNGUARDED_AVAILABILITY = YES_AGGRESSIVE;
				CLANG_WARN_UNREACHABLE_CODE = YES;
				CLANG_WARN__DUPLICATE_METHOD_MATCH = YES;
				COPY_PHASE_STRIP = NO;
				DEBUG_INFORMATION_FORMAT = "dwarf-with-dsym";
				ENABLE_NS_ASSERTIONS = NO;
				ENABLE_STRICT_OBJC_MSGSEND = YES;
				GCC_C_LANGUAGE_STANDARD = gnu11;
				GCC_NO_COMMON_BLOCKS = YES;
				GCC_WARN_64_TO_32_BIT_CONVERSION = YES;
				GCC_WARN_ABOUT_RETURN_TYPE = YES_ERROR;
				GCC_WARN_UNDECLARED_SELECTOR = YES;
				GCC_WARN_UNINITIALIZED_AUTOS = YES_AGGRESSIVE;
				GCC_WARN_UNUSED_FUNCTION = YES;
				GCC_WARN_UNUSED_VARIABLE = YES;
				IPHONEOS_DEPLOYMENT_TARGET = 15.4;
				MTL_ENABLE_DEBUG_INFO = NO;
				MTL_FAST_MATH = YES;
				SDKROOT = iphoneos;
				SWIFT_COMPILATION_MODE = wholemodule;
				SWIFT_OPTIMIZATION_LEVEL = "-O";
				VALIDATE_PRODUCT = YES;
			};
			name = Release;
		};
		47EFB63227F4235800CAEF86 /* Debug */ = {
			isa = XCBuildConfiguration;
			buildSettings = {
				ASSETCATALOG_COMPILER_APPICON_NAME = AppIcon;
				ASSETCATALOG_COMPILER_GLOBAL_ACCENT_COLOR_NAME = AccentColor;
				CODE_SIGN_STYLE = Automatic;
				CURRENT_PROJECT_VERSION = 1;
				DEVELOPMENT_TEAM = E82V5K6YE6;
				GENERATE_INFOPLIST_FILE = YES;
				INFOPLIST_FILE = GithubFollowers/Info.plist;
				INFOPLIST_KEY_UIApplicationSupportsIndirectInputEvents = YES;
				INFOPLIST_KEY_UILaunchStoryboardName = LaunchScreen;
				INFOPLIST_KEY_UISupportedInterfaceOrientations_iPad = "UIInterfaceOrientationPortrait UIInterfaceOrientationPortraitUpsideDown UIInterfaceOrientationLandscapeLeft UIInterfaceOrientationLandscapeRight";
				INFOPLIST_KEY_UISupportedInterfaceOrientations_iPhone = "UIInterfaceOrientationPortrait UIInterfaceOrientationLandscapeLeft UIInterfaceOrientationLandscapeRight";
				IPHONEOS_DEPLOYMENT_TARGET = 15.4;
				LD_RUNPATH_SEARCH_PATHS = (
					"$(inherited)",
					"@executable_path/Frameworks",
				);
				MARKETING_VERSION = 1.0;
				PRODUCT_BUNDLE_IDENTIFIER = com.Adam.GithubFollowers;
				PRODUCT_NAME = "$(TARGET_NAME)";
				SWIFT_EMIT_LOC_STRINGS = YES;
				SWIFT_VERSION = 5.0;
				TARGETED_DEVICE_FAMILY = 1;
			};
			name = Debug;
		};
		47EFB63327F4235800CAEF86 /* Release */ = {
			isa = XCBuildConfiguration;
			buildSettings = {
				ASSETCATALOG_COMPILER_APPICON_NAME = AppIcon;
				ASSETCATALOG_COMPILER_GLOBAL_ACCENT_COLOR_NAME = AccentColor;
				CODE_SIGN_STYLE = Automatic;
				CURRENT_PROJECT_VERSION = 1;
				DEVELOPMENT_TEAM = E82V5K6YE6;
				GENERATE_INFOPLIST_FILE = YES;
				INFOPLIST_FILE = GithubFollowers/Info.plist;
				INFOPLIST_KEY_UIApplicationSupportsIndirectInputEvents = YES;
				INFOPLIST_KEY_UILaunchStoryboardName = LaunchScreen;
				INFOPLIST_KEY_UISupportedInterfaceOrientations_iPad = "UIInterfaceOrientationPortrait UIInterfaceOrientationPortraitUpsideDown UIInterfaceOrientationLandscapeLeft UIInterfaceOrientationLandscapeRight";
				INFOPLIST_KEY_UISupportedInterfaceOrientations_iPhone = "UIInterfaceOrientationPortrait UIInterfaceOrientationLandscapeLeft UIInterfaceOrientationLandscapeRight";
				IPHONEOS_DEPLOYMENT_TARGET = 15.4;
				LD_RUNPATH_SEARCH_PATHS = (
					"$(inherited)",
					"@executable_path/Frameworks",
				);
				MARKETING_VERSION = 1.0;
				PRODUCT_BUNDLE_IDENTIFIER = com.Adam.GithubFollowers;
				PRODUCT_NAME = "$(TARGET_NAME)";
				SWIFT_EMIT_LOC_STRINGS = YES;
				SWIFT_VERSION = 5.0;
				TARGETED_DEVICE_FAMILY = 1;
			};
			name = Release;
		};
/* End XCBuildConfiguration section */

/* Begin XCConfigurationList section */
		47EFB61827F4235700CAEF86 /* Build configuration list for PBXProject "GithubFollowers" */ = {
			isa = XCConfigurationList;
			buildConfigurations = (
				47EFB62F27F4235800CAEF86 /* Debug */,
				47EFB63027F4235800CAEF86 /* Release */,
			);
			defaultConfigurationIsVisible = 0;
			defaultConfigurationName = Release;
		};
		47EFB63127F4235800CAEF86 /* Build configuration list for PBXNativeTarget "GithubFollowers" */ = {
			isa = XCConfigurationList;
			buildConfigurations = (
				47EFB63227F4235800CAEF86 /* Debug */,
				47EFB63327F4235800CAEF86 /* Release */,
			);
			defaultConfigurationIsVisible = 0;
			defaultConfigurationName = Release;
		};
/* End XCConfigurationList section */
	};
	rootObject = 47EFB61527F4235700CAEF86 /* Project object */;
}
